// !$*UTF8*$!
{
	archiveVersion = 1;
	classes = {
	};
	objectVersion = 56;
	objects = {

/* Begin PBXBuildFile section */
		C3AD1B7E2BF0D39600D63720 /* HomeViewController.swift in Sources */ = {isa = PBXBuildFile; fileRef = C3AD1B7D2BF0D39500D63720 /* HomeViewController.swift */; };
		C3C09EE92BEE093C007D178F /* AppDelegate.swift in Sources */ = {isa = PBXBuildFile; fileRef = C3C09EE82BEE093C007D178F /* AppDelegate.swift */; };
		C3C09EEB2BEE093C007D178F /* SceneDelegate.swift in Sources */ = {isa = PBXBuildFile; fileRef = C3C09EEA2BEE093C007D178F /* SceneDelegate.swift */; };
		C3C09EED2BEE093C007D178F /* ViewController.swift in Sources */ = {isa = PBXBuildFile; fileRef = C3C09EEC2BEE093C007D178F /* ViewController.swift */; };
		C3C09EF02BEE093C007D178F /* Main.storyboard in Resources */ = {isa = PBXBuildFile; fileRef = C3C09EEE2BEE093C007D178F /* Main.storyboard */; };
		C3C09EF22BEE093E007D178F /* Assets.xcassets in Resources */ = {isa = PBXBuildFile; fileRef = C3C09EF12BEE093E007D178F /* Assets.xcassets */; };
		C3C09EF52BEE093E007D178F /* LaunchScreen.storyboard in Resources */ = {isa = PBXBuildFile; fileRef = C3C09EF32BEE093E007D178F /* LaunchScreen.storyboard */; };
		C3C09F002BEE093E007D178F /* autoLayoutTests.swift in Sources */ = {isa = PBXBuildFile; fileRef = C3C09EFF2BEE093E007D178F /* autoLayoutTests.swift */; };
		C3C09F0A2BEE093E007D178F /* autoLayoutUITests.swift in Sources */ = {isa = PBXBuildFile; fileRef = C3C09F092BEE093E007D178F /* autoLayoutUITests.swift */; };
		C3C09F0C2BEE093E007D178F /* autoLayoutUITestsLaunchTests.swift in Sources */ = {isa = PBXBuildFile; fileRef = C3C09F0B2BEE093E007D178F /* autoLayoutUITestsLaunchTests.swift */; };
/* End PBXBuildFile section */

/* Begin PBXContainerItemProxy section */
		C3C09EFC2BEE093E007D178F /* PBXContainerItemProxy */ = {
			isa = PBXContainerItemProxy;
			containerPortal = C3C09EDD2BEE093C007D178F /* Project object */;
			proxyType = 1;
			remoteGlobalIDString = C3C09EE42BEE093C007D178F;
			remoteInfo = autoLayout;
		};
		C3C09F062BEE093E007D178F /* PBXContainerItemProxy */ = {
			isa = PBXContainerItemProxy;
			containerPortal = C3C09EDD2BEE093C007D178F /* Project object */;
			proxyType = 1;
			remoteGlobalIDString = C3C09EE42BEE093C007D178F;
			remoteInfo = autoLayout;
		};
/* End PBXContainerItemProxy section */

/* Begin PBXFileReference section */
		C3AD1B7D2BF0D39500D63720 /* HomeViewController.swift */ = {isa = PBXFileReference; lastKnownFileType = sourcecode.swift; path = HomeViewController.swift; sourceTree = "<group>"; };
		C3C09EE52BEE093C007D178F /* autoLayout.app */ = {isa = PBXFileReference; explicitFileType = wrapper.application; includeInIndex = 0; path = autoLayout.app; sourceTree = BUILT_PRODUCTS_DIR; };
		C3C09EE82BEE093C007D178F /* AppDelegate.swift */ = {isa = PBXFileReference; lastKnownFileType = sourcecode.swift; path = AppDelegate.swift; sourceTree = "<group>"; };
		C3C09EEA2BEE093C007D178F /* SceneDelegate.swift */ = {isa = PBXFileReference; lastKnownFileType = sourcecode.swift; path = SceneDelegate.swift; sourceTree = "<group>"; };
		C3C09EEC2BEE093C007D178F /* ViewController.swift */ = {isa = PBXFileReference; lastKnownFileType = sourcecode.swift; path = ViewController.swift; sourceTree = "<group>"; };
		C3C09EEF2BEE093C007D178F /* Base */ = {isa = PBXFileReference; lastKnownFileType = file.storyboard; name = Base; path = Base.lproj/Main.storyboard; sourceTree = "<group>"; };
		C3C09EF12BEE093E007D178F /* Assets.xcassets */ = {isa = PBXFileReference; lastKnownFileType = folder.assetcatalog; path = Assets.xcassets; sourceTree = "<group>"; };
		C3C09EF42BEE093E007D178F /* Base */ = {isa = PBXFileReference; lastKnownFileType = file.storyboard; name = Base; path = Base.lproj/LaunchScreen.storyboard; sourceTree = "<group>"; };
		C3C09EF62BEE093E007D178F /* Info.plist */ = {isa = PBXFileReference; lastKnownFileType = text.plist.xml; path = Info.plist; sourceTree = "<group>"; };
		C3C09EFB2BEE093E007D178F /* autoLayoutTests.xctest */ = {isa = PBXFileReference; explicitFileType = wrapper.cfbundle; includeInIndex = 0; path = autoLayoutTests.xctest; sourceTree = BUILT_PRODUCTS_DIR; };
		C3C09EFF2BEE093E007D178F /* autoLayoutTests.swift */ = {isa = PBXFileReference; lastKnownFileType = sourcecode.swift; path = autoLayoutTests.swift; sourceTree = "<group>"; };
		C3C09F052BEE093E007D178F /* autoLayoutUITests.xctest */ = {isa = PBXFileReference; explicitFileType = wrapper.cfbundle; includeInIndex = 0; path = autoLayoutUITests.xctest; sourceTree = BUILT_PRODUCTS_DIR; };
		C3C09F092BEE093E007D178F /* autoLayoutUITests.swift */ = {isa = PBXFileReference; lastKnownFileType = sourcecode.swift; path = autoLayoutUITests.swift; sourceTree = "<group>"; };
		C3C09F0B2BEE093E007D178F /* autoLayoutUITestsLaunchTests.swift */ = {isa = PBXFileReference; lastKnownFileType = sourcecode.swift; path = autoLayoutUITestsLaunchTests.swift; sourceTree = "<group>"; };
/* End PBXFileReference section */

/* Begin PBXFrameworksBuildPhase section */
		C3C09EE22BEE093C007D178F /* Frameworks */ = {
			isa = PBXFrameworksBuildPhase;
			buildActionMask = 2147483647;
			files = (
			);
			runOnlyForDeploymentPostprocessing = 0;
		};
		C3C09EF82BEE093E007D178F /* Frameworks */ = {
			isa = PBXFrameworksBuildPhase;
			buildActionMask = 2147483647;
			files = (
			);
			runOnlyForDeploymentPostprocessing = 0;
		};
		C3C09F022BEE093E007D178F /* Frameworks */ = {
			isa = PBXFrameworksBuildPhase;
			buildActionMask = 2147483647;
			files = (
			);
			runOnlyForDeploymentPostprocessing = 0;
		};
/* End PBXFrameworksBuildPhase section */

/* Begin PBXGroup section */
		C3C09EDC2BEE093C007D178F = {
			isa = PBXGroup;
			children = (
				C3C09EE72BEE093C007D178F /* autoLayout */,
				C3C09EFE2BEE093E007D178F /* autoLayoutTests */,
				C3C09F082BEE093E007D178F /* autoLayoutUITests */,
				C3C09EE62BEE093C007D178F /* Products */,
			);
			sourceTree = "<group>";
		};
		C3C09EE62BEE093C007D178F /* Products */ = {
			isa = PBXGroup;
			children = (
				C3C09EE52BEE093C007D178F /* autoLayout.app */,
				C3C09EFB2BEE093E007D178F /* autoLayoutTests.xctest */,
				C3C09F052BEE093E007D178F /* autoLayoutUITests.xctest */,
			);
			name = Products;
			sourceTree = "<group>";
		};
		C3C09EE72BEE093C007D178F /* autoLayout */ = {
			isa = PBXGroup;
			children = (
				C3C09EE82BEE093C007D178F /* AppDelegate.swift */,
				C3C09EEA2BEE093C007D178F /* SceneDelegate.swift */,
				C3C09EEC2BEE093C007D178F /* ViewController.swift */,
				C3C09EEE2BEE093C007D178F /* Main.storyboard */,
				C3C09EF12BEE093E007D178F /* Assets.xcassets */,
				C3C09EF32BEE093E007D178F /* LaunchScreen.storyboard */,
				C3C09EF62BEE093E007D178F /* Info.plist */,
				C3AD1B7D2BF0D39500D63720 /* HomeViewController.swift */,
			);
			path = autoLayout;
			sourceTree = "<group>";
		};
		C3C09EFE2BEE093E007D178F /* autoLayoutTests */ = {
			isa = PBXGroup;
			children = (
				C3C09EFF2BEE093E007D178F /* autoLayoutTests.swift */,
			);
			path = autoLayoutTests;
			sourceTree = "<group>";
		};
		C3C09F082BEE093E007D178F /* autoLayoutUITests */ = {
			isa = PBXGroup;
			children = (
				C3C09F092BEE093E007D178F /* autoLayoutUITests.swift */,
				C3C09F0B2BEE093E007D178F /* autoLayoutUITestsLaunchTests.swift */,
			);
			path = autoLayoutUITests;
			sourceTree = "<group>";
		};
/* End PBXGroup section */

/* Begin PBXNativeTarget section */
		C3C09EE42BEE093C007D178F /* autoLayout */ = {
			isa = PBXNativeTarget;
			buildConfigurationList = C3C09F0F2BEE093E007D178F /* Build configuration list for PBXNativeTarget "autoLayout" */;
			buildPhases = (
				C3C09EE12BEE093C007D178F /* Sources */,
				C3C09EE22BEE093C007D178F /* Frameworks */,
				C3C09EE32BEE093C007D178F /* Resources */,
			);
			buildRules = (
			);
			dependencies = (
			);
			name = autoLayout;
			productName = autoLayout;
			productReference = C3C09EE52BEE093C007D178F /* autoLayout.app */;
			productType = "com.apple.product-type.application";
		};
		C3C09EFA2BEE093E007D178F /* autoLayoutTests */ = {
			isa = PBXNativeTarget;
			buildConfigurationList = C3C09F122BEE093E007D178F /* Build configuration list for PBXNativeTarget "autoLayoutTests" */;
			buildPhases = (
				C3C09EF72BEE093E007D178F /* Sources */,
				C3C09EF82BEE093E007D178F /* Frameworks */,
				C3C09EF92BEE093E007D178F /* Resources */,
			);
			buildRules = (
			);
			dependencies = (
				C3C09EFD2BEE093E007D178F /* PBXTargetDependency */,
			);
			name = autoLayoutTests;
			productName = autoLayoutTests;
			productReference = C3C09EFB2BEE093E007D178F /* autoLayoutTests.xctest */;
			productType = "com.apple.product-type.bundle.unit-test";
		};
		C3C09F042BEE093E007D178F /* autoLayoutUITests */ = {
			isa = PBXNativeTarget;
			buildConfigurationList = C3C09F152BEE093E007D178F /* Build configuration list for PBXNativeTarget "autoLayoutUITests" */;
			buildPhases = (
				C3C09F012BEE093E007D178F /* Sources */,
				C3C09F022BEE093E007D178F /* Frameworks */,
				C3C09F032BEE093E007D178F /* Resources */,
			);
			buildRules = (
			);
			dependencies = (
				C3C09F072BEE093E007D178F /* PBXTargetDependency */,
			);
			name = autoLayoutUITests;
			productName = autoLayoutUITests;
			productReference = C3C09F052BEE093E007D178F /* autoLayoutUITests.xctest */;
			productType = "com.apple.product-type.bundle.ui-testing";
		};
/* End PBXNativeTarget section */

/* Begin PBXProject section */
		C3C09EDD2BEE093C007D178F /* Project object */ = {
			isa = PBXProject;
			attributes = {
				BuildIndependentTargetsInParallel = 1;
				LastSwiftUpdateCheck = 1420;
				LastUpgradeCheck = 1420;
				TargetAttributes = {
					C3C09EE42BEE093C007D178F = {
						CreatedOnToolsVersion = 14.2;
					};
					C3C09EFA2BEE093E007D178F = {
						CreatedOnToolsVersion = 14.2;
						TestTargetID = C3C09EE42BEE093C007D178F;
					};
					C3C09F042BEE093E007D178F = {
						CreatedOnToolsVersion = 14.2;
						TestTargetID = C3C09EE42BEE093C007D178F;
					};
				};
			};
			buildConfigurationList = C3C09EE02BEE093C007D178F /* Build configuration list for PBXProject "autoLayout" */;
			compatibilityVersion = "Xcode 14.0";
			developmentRegion = en;
			hasScannedForEncodings = 0;
			knownRegions = (
				en,
				Base,
			);
			mainGroup = C3C09EDC2BEE093C007D178F;
			productRefGroup = C3C09EE62BEE093C007D178F /* Products */;
			projectDirPath = "";
			projectRoot = "";
			targets = (
				C3C09EE42BEE093C007D178F /* autoLayout */,
				C3C09EFA2BEE093E007D178F /* autoLayoutTests */,
				C3C09F042BEE093E007D178F /* autoLayoutUITests */,
			);
		};
/* End PBXProject section */

/* Begin PBXResourcesBuildPhase section */
		C3C09EE32BEE093C007D178F /* Resources */ = {
			isa = PBXResourcesBuildPhase;
			buildActionMask = 2147483647;
			files = (
				C3C09EF52BEE093E007D178F /* LaunchScreen.storyboard in Resources */,
				C3C09EF22BEE093E007D178F /* Assets.xcassets in Resources */,
				C3C09EF02BEE093C007D178F /* Main.storyboard in Resources */,
			);
			runOnlyForDeploymentPostprocessing = 0;
		};
		C3C09EF92BEE093E007D178F /* Resources */ = {
			isa = PBXResourcesBuildPhase;
			buildActionMask = 2147483647;
			files = (
			);
			runOnlyForDeploymentPostprocessing = 0;
		};
		C3C09F032BEE093E007D178F /* Resources */ = {
			isa = PBXResourcesBuildPhase;
			buildActionMask = 2147483647;
			files = (
			);
			runOnlyForDeploymentPostprocessing = 0;
		};
/* End PBXResourcesBuildPhase section */

/* Begin PBXSourcesBuildPhase section */
		C3C09EE12BEE093C007D178F /* Sources */ = {
			isa = PBXSourcesBuildPhase;
			buildActionMask = 2147483647;
			files = (
				C3C09EED2BEE093C007D178F /* ViewController.swift in Sources */,
				C3C09EE92BEE093C007D178F /* AppDelegate.swift in Sources */,
				C3C09EEB2BEE093C007D178F /* SceneDelegate.swift in Sources */,
				C3AD1B7E2BF0D39600D63720 /* HomeViewController.swift in Sources */,
			);
			runOnlyForDeploymentPostprocessing = 0;
		};
		C3C09EF72BEE093E007D178F /* Sources */ = {
			isa = PBXSourcesBuildPhase;
			buildActionMask = 2147483647;
			files = (
				C3C09F002BEE093E007D178F /* autoLayoutTests.swift in Sources */,
			);
			runOnlyForDeploymentPostprocessing = 0;
		};
		C3C09F012BEE093E007D178F /* Sources */ = {
			isa = PBXSourcesBuildPhase;
			buildActionMask = 2147483647;
			files = (
				C3C09F0A2BEE093E007D178F /* autoLayoutUITests.swift in Sources */,
				C3C09F0C2BEE093E007D178F /* autoLayoutUITestsLaunchTests.swift in Sources */,
			);
			runOnlyForDeploymentPostprocessing = 0;
		};
/* End PBXSourcesBuildPhase section */

/* Begin PBXTargetDependency section */
		C3C09EFD2BEE093E007D178F /* PBXTargetDependency */ = {
			isa = PBXTargetDependency;
			target = C3C09EE42BEE093C007D178F /* autoLayout */;
			targetProxy = C3C09EFC2BEE093E007D178F /* PBXContainerItemProxy */;
		};
		C3C09F072BEE093E007D178F /* PBXTargetDependency */ = {
			isa = PBXTargetDependency;
			target = C3C09EE42BEE093C007D178F /* autoLayout */;
			targetProxy = C3C09F062BEE093E007D178F /* PBXContainerItemProxy */;
		};
/* End PBXTargetDependency section */

/* Begin PBXVariantGroup section */
		C3C09EEE2BEE093C007D178F /* Main.storyboard */ = {
			isa = PBXVariantGroup;
			children = (
				C3C09EEF2BEE093C007D178F /* Base */,
			);
			name = Main.storyboard;
			sourceTree = "<group>";
		};
		C3C09EF32BEE093E007D178F /* LaunchScreen.storyboard */ = {
			isa = PBXVariantGroup;
			children = (
				C3C09EF42BEE093E007D178F /* Base */,
			);
			name = LaunchScreen.storyboard;
			sourceTree = "<group>";
		};
/* End PBXVariantGroup section */

/* Begin XCBuildConfiguration section */
		C3C09F0D2BEE093E007D178F /* Debug */ = {
			isa = XCBuildConfiguration;
			buildSettings = {
				ALWAYS_SEARCH_USER_PATHS = NO;
				CLANG_ANALYZER_NONNULL = YES;
				CLANG_ANALYZER_NUMBER_OBJECT_CONVERSION = YES_AGGRESSIVE;
				CLANG_CXX_LANGUAGE_STANDARD = "gnu++20";
				CLANG_ENABLE_MODULES = YES;
				CLANG_ENABLE_OBJC_ARC = YES;
				CLANG_ENABLE_OBJC_WEAK = YES;
				CLANG_WARN_BLOCK_CAPTURE_AUTORELEASING = YES;
				CLANG_WARN_BOOL_CONVERSION = YES;
				CLANG_WARN_COMMA = YES;
				CLANG_WARN_CONSTANT_CONVERSION = YES;
				CLANG_WARN_DEPRECATED_OBJC_IMPLEMENTATIONS = YES;
				CLANG_WARN_DIRECT_OBJC_ISA_USAGE = YES_ERROR;
				CLANG_WARN_DOCUMENTATION_COMMENTS = YES;
				CLANG_WARN_EMPTY_BODY = YES;
				CLANG_WARN_ENUM_CONVERSION = YES;
				CLANG_WARN_INFINITE_RECURSION = YES;
				CLANG_WARN_INT_CONVERSION = YES;
				CLANG_WARN_NON_LITERAL_NULL_CONVERSION = YES;
				CLANG_WARN_OBJC_IMPLICIT_RETAIN_SELF = YES;
				CLANG_WARN_OBJC_LITERAL_CONVERSION = YES;
				CLANG_WARN_OBJC_ROOT_CLASS = YES_ERROR;
				CLANG_WARN_QUOTED_INCLUDE_IN_FRAMEWORK_HEADER = YES;
				CLANG_WARN_RANGE_LOOP_ANALYSIS = YES;
				CLANG_WARN_STRICT_PROTOTYPES = YES;
				CLANG_WARN_SUSPICIOUS_MOVE = YES;
				CLANG_WARN_UNGUARDED_AVAILABILITY = YES_AGGRESSIVE;
				CLANG_WARN_UNREACHABLE_CODE = YES;
				CLANG_WARN__DUPLICATE_METHOD_MATCH = YES;
				COPY_PHASE_STRIP = NO;
				DEBUG_INFORMATION_FORMAT = dwarf;
				ENABLE_STRICT_OBJC_MSGSEND = YES;
				ENABLE_TESTABILITY = YES;
				GCC_C_LANGUAGE_STANDARD = gnu11;
				GCC_DYNAMIC_NO_PIC = NO;
				GCC_NO_COMMON_BLOCKS = YES;
				GCC_OPTIMIZATION_LEVEL = 0;
				GCC_PREPROCESSOR_DEFINITIONS = (
					"DEBUG=1",
					"$(inherited)",
				);
				GCC_WARN_64_TO_32_BIT_CONVERSION = YES;
				GCC_WARN_ABOUT_RETURN_TYPE = YES_ERROR;
				GCC_WARN_UNDECLARED_SELECTOR = YES;
				GCC_WARN_UNINITIALIZED_AUTOS = YES_AGGRESSIVE;
				GCC_WARN_UNUSED_FUNCTION = YES;
				GCC_WARN_UNUSED_VARIABLE = YES;
				IPHONEOS_DEPLOYMENT_TARGET = 16.2;
				MTL_ENABLE_DEBUG_INFO = INCLUDE_SOURCE;
				MTL_FAST_MATH = YES;
				ONLY_ACTIVE_ARCH = YES;
				SDKROOT = iphoneos;
				SWIFT_ACTIVE_COMPILATION_CONDITIONS = DEBUG;
				SWIFT_OPTIMIZATION_LEVEL = "-Onone";
			};
			name = Debug;
		};
		C3C09F0E2BEE093E007D178F /* Release */ = {
			isa = XCBuildConfiguration;
			buildSettings = {
				ALWAYS_SEARCH_USER_PATHS = NO;
				CLANG_ANALYZER_NONNULL = YES;
				CLANG_ANALYZER_NUMBER_OBJECT_CONVERSION = YES_AGGRESSIVE;
				CLANG_CXX_LANGUAGE_STANDARD = "gnu++20";
				CLANG_ENABLE_MODULES = YES;
				CLANG_ENABLE_OBJC_ARC = YES;
				CLANG_ENABLE_OBJC_WEAK = YES;
				CLANG_WARN_BLOCK_CAPTURE_AUTORELEASING = YES;
				CLANG_WARN_BOOL_CONVERSION = YES;
				CLANG_WARN_COMMA = YES;
				CLANG_WARN_CONSTANT_CONVERSION = YES;
				CLANG_WARN_DEPRECATED_OBJC_IMPLEMENTATIONS = YES;
				CLANG_WARN_DIRECT_OBJC_ISA_USAGE = YES_ERROR;
				CLANG_WARN_DOCUMENTATION_COMMENTS = YES;
				CLANG_WARN_EMPTY_BODY = YES;
				CLANG_WARN_ENUM_CONVERSION = YES;
				CLANG_WARN_INFINITE_RECURSION = YES;
				CLANG_WARN_INT_CONVERSION = YES;
				CLANG_WARN_NON_LITERAL_NULL_CONVERSION = YES;
				CLANG_WARN_OBJC_IMPLICIT_RETAIN_SELF = YES;
				CLANG_WARN_OBJC_LITERAL_CONVERSION = YES;
				CLANG_WARN_OBJC_ROOT_CLASS = YES_ERROR;
				CLANG_WARN_QUOTED_INCLUDE_IN_FRAMEWORK_HEADER = YES;
				CLANG_WARN_RANGE_LOOP_ANALYSIS = YES;
				CLANG_WARN_STRICT_PROTOTYPES = YES;
				CLANG_WARN_SUSPICIOUS_MOVE = YES;
				CLANG_WARN_UNGUARDED_AVAILABILITY = YES_AGGRESSIVE;
				CLANG_WARN_UNREACHABLE_CODE = YES;
				CLANG_WARN__DUPLICATE_METHOD_MATCH = YES;
				COPY_PHASE_STRIP = NO;
				DEBUG_INFORMATION_FORMAT = "dwarf-with-dsym";
				ENABLE_NS_ASSERTIONS = NO;
				ENABLE_STRICT_OBJC_MSGSEND = YES;
				GCC_C_LANGUAGE_STANDARD = gnu11;
				GCC_NO_COMMON_BLOCKS = YES;
				GCC_WARN_64_TO_32_BIT_CONVERSION = YES;
				GCC_WARN_ABOUT_RETURN_TYPE = YES_ERROR;
				GCC_WARN_UNDECLARED_SELECTOR = YES;
				GCC_WARN_UNINITIALIZED_AUTOS = YES_AGGRESSIVE;
				GCC_WARN_UNUSED_FUNCTION = YES;
				GCC_WARN_UNUSED_VARIABLE = YES;
				IPHONEOS_DEPLOYMENT_TARGET = 16.2;
				MTL_ENABLE_DEBUG_INFO = NO;
				MTL_FAST_MATH = YES;
				SDKROOT = iphoneos;
				SWIFT_COMPILATION_MODE = wholemodule;
				SWIFT_OPTIMIZATION_LEVEL = "-O";
				VALIDATE_PRODUCT = YES;
			};
			name = Release;
		};
		C3C09F102BEE093E007D178F /* Debug */ = {
			isa = XCBuildConfiguration;
			buildSettings = {
				ASSETCATALOG_COMPILER_APPICON_NAME = AppIcon;
				ASSETCATALOG_COMPILER_GLOBAL_ACCENT_COLOR_NAME = AccentColor;
				CODE_SIGN_STYLE = Automatic;
				CURRENT_PROJECT_VERSION = 1;
				GENERATE_INFOPLIST_FILE = YES;
				INFOPLIST_FILE = autoLayout/Info.plist;
				INFOPLIST_KEY_UIApplicationSupportsIndirectInputEvents = YES;
				INFOPLIST_KEY_UILaunchStoryboardName = LaunchScreen;
				INFOPLIST_KEY_UIMainStoryboardFile = Main;
				INFOPLIST_KEY_UISupportedInterfaceOrientations_iPad = "UIInterfaceOrientationPortrait UIInterfaceOrientationPortraitUpsideDown UIInterfaceOrientationLandscapeLeft UIInterfaceOrientationLandscapeRight";
				INFOPLIST_KEY_UISupportedInterfaceOrientations_iPhone = "UIInterfaceOrientationPortrait UIInterfaceOrientationLandscapeLeft UIInterfaceOrientationLandscapeRight";
				LD_RUNPATH_SEARCH_PATHS = (
					"$(inherited)",
					"@executable_path/Frameworks",
				);
				MARKETING_VERSION = 1.0;
				PRODUCT_BUNDLE_IDENTIFIER = vuminh.autoLayout;
				PRODUCT_NAME = "$(TARGET_NAME)";
				SWIFT_EMIT_LOC_STRINGS = YES;
				SWIFT_VERSION = 5.0;
				TARGETED_DEVICE_FAMILY = "1,2";
			};
			name = Debug;
		};
		C3C09F112BEE093E007D178F /* Release */ = {
			isa = XCBuildConfiguration;
			buildSettings = {
				ASSETCATALOG_COMPILER_APPICON_NAME = AppIcon;
				ASSETCATALOG_COMPILER_GLOBAL_ACCENT_COLOR_NAME = AccentColor;
				CODE_SIGN_STYLE = Automatic;
				CURRENT_PROJECT_VERSION = 1;
				GENERATE_INFOPLIST_FILE = YES;
				INFOPLIST_FILE = autoLayout/Info.plist;
				INFOPLIST_KEY_UIApplicationSupportsIndirectInputEvents = YES;
				INFOPLIST_KEY_UILaunchStoryboardName = LaunchScreen;
				INFOPLIST_KEY_UIMainStoryboardFile = Main;
				INFOPLIST_KEY_UISupportedInterfaceOrientations_iPad = "UIInterfaceOrientationPortrait UIInterfaceOrientationPortraitUpsideDown UIInterfaceOrientationLandscapeLeft UIInterfaceOrientationLandscapeRight";
				INFOPLIST_KEY_UISupportedInterfaceOrientations_iPhone = "UIInterfaceOrientationPortrait UIInterfaceOrientationLandscapeLeft UIInterfaceOrientationLandscapeRight";
				LD_RUNPATH_SEARCH_PATHS = (
					"$(inherited)",
					"@executable_path/Frameworks",
				);
				MARKETING_VERSION = 1.0;
				PRODUCT_BUNDLE_IDENTIFIER = vuminh.autoLayout;
				PRODUCT_NAME = "$(TARGET_NAME)";
				SWIFT_EMIT_LOC_STRINGS = YES;
				SWIFT_VERSION = 5.0;
				TARGETED_DEVICE_FAMILY = "1,2";
			};
			name = Release;
		};
		C3C09F132BEE093E007D178F /* Debug */ = {
			isa = XCBuildConfiguration;
			buildSettings = {
				ALWAYS_EMBED_SWIFT_STANDARD_LIBRARIES = YES;
				BUNDLE_LOADER = "$(TEST_HOST)";
				CODE_SIGN_STYLE = Automatic;
				CURRENT_PROJECT_VERSION = 1;
				GENERATE_INFOPLIST_FILE = YES;
				IPHONEOS_DEPLOYMENT_TARGET = 16.2;
				MARKETING_VERSION = 1.0;
				PRODUCT_BUNDLE_IDENTIFIER = vuminh.autoLayoutTests;
				PRODUCT_NAME = "$(TARGET_NAME)";
				SWIFT_EMIT_LOC_STRINGS = NO;
				SWIFT_VERSION = 5.0;
				TARGETED_DEVICE_FAMILY = "1,2";
				TEST_HOST = "$(BUILT_PRODUCTS_DIR)/autoLayout.app/$(BUNDLE_EXECUTABLE_FOLDER_PATH)/autoLayout";
			};
			name = Debug;
		};
		C3C09F142BEE093E007D178F /* Release */ = {
			isa = XCBuildConfiguration;
			buildSettings = {
				ALWAYS_EMBED_SWIFT_STANDARD_LIBRARIES = YES;
				BUNDLE_LOADER = "$(TEST_HOST)";
				CODE_SIGN_STYLE = Automatic;
				CURRENT_PROJECT_VERSION = 1;
				GENERATE_INFOPLIST_FILE = YES;
				IPHONEOS_DEPLOYMENT_TARGET = 16.2;
				MARKETING_VERSION = 1.0;
				PRODUCT_BUNDLE_IDENTIFIER = vuminh.autoLayoutTests;
				PRODUCT_NAME = "$(TARGET_NAME)";
				SWIFT_EMIT_LOC_STRINGS = NO;
				SWIFT_VERSION = 5.0;
				TARGETED_DEVICE_FAMILY = "1,2";
				TEST_HOST = "$(BUILT_PRODUCTS_DIR)/autoLayout.app/$(BUNDLE_EXECUTABLE_FOLDER_PATH)/autoLayout";
			};
			name = Release;
		};
		C3C09F162BEE093E007D178F /* Debug */ = {
			isa = XCBuildConfiguration;
			buildSettings = {
				ALWAYS_EMBED_SWIFT_STANDARD_LIBRARIES = YES;
				CODE_SIGN_STYLE = Automatic;
				CURRENT_PROJECT_VERSION = 1;
				GENERATE_INFOPLIST_FILE = YES;
				MARKETING_VERSION = 1.0;
				PRODUCT_BUNDLE_IDENTIFIER = vuminh.autoLayoutUITests;
				PRODUCT_NAME = "$(TARGET_NAME)";
				SWIFT_EMIT_LOC_STRINGS = NO;
				SWIFT_VERSION = 5.0;
				TARGETED_DEVICE_FAMILY = "1,2";
				TEST_TARGET_NAME = autoLayout;
			};
			name = Debug;
		};
		C3C09F172BEE093E007D178F /* Release */ = {
			isa = XCBuildConfiguration;
			buildSettings = {
				ALWAYS_EMBED_SWIFT_STANDARD_LIBRARIES = YES;
				CODE_SIGN_STYLE = Automatic;
				CURRENT_PROJECT_VERSION = 1;
				GENERATE_INFOPLIST_FILE = YES;
				MARKETING_VERSION = 1.0;
				PRODUCT_BUNDLE_IDENTIFIER = vuminh.autoLayoutUITests;
				PRODUCT_NAME = "$(TARGET_NAME)";
				SWIFT_EMIT_LOC_STRINGS = NO;
				SWIFT_VERSION = 5.0;
				TARGETED_DEVICE_FAMILY = "1,2";
				TEST_TARGET_NAME = autoLayout;
			};
			name = Release;
		};
/* End XCBuildConfiguration section */

/* Begin XCConfigurationList section */
		C3C09EE02BEE093C007D178F /* Build configuration list for PBXProject "autoLayout" */ = {
			isa = XCConfigurationList;
			buildConfigurations = (
				C3C09F0D2BEE093E007D178F /* Debug */,
				C3C09F0E2BEE093E007D178F /* Release */,
			);
			defaultConfigurationIsVisible = 0;
			defaultConfigurationName = Release;
		};
		C3C09F0F2BEE093E007D178F /* Build configuration list for PBXNativeTarget "autoLayout" */ = {
			isa = XCConfigurationList;
			buildConfigurations = (
				C3C09F102BEE093E007D178F /* Debug */,
				C3C09F112BEE093E007D178F /* Release */,
			);
			defaultConfigurationIsVisible = 0;
			defaultConfigurationName = Release;
		};
		C3C09F122BEE093E007D178F /* Build configuration list for PBXNativeTarget "autoLayoutTests" */ = {
			isa = XCConfigurationList;
			buildConfigurations = (
				C3C09F132BEE093E007D178F /* Debug */,
				C3C09F142BEE093E007D178F /* Release */,
			);
			defaultConfigurationIsVisible = 0;
			defaultConfigurationName = Release;
		};
		C3C09F152BEE093E007D178F /* Build configuration list for PBXNativeTarget "autoLayoutUITests" */ = {
			isa = XCConfigurationList;
			buildConfigurations = (
				C3C09F162BEE093E007D178F /* Debug */,
				C3C09F172BEE093E007D178F /* Release */,
			);
			defaultConfigurationIsVisible = 0;
			defaultConfigurationName = Release;
		};
/* End XCConfigurationList section */
	};
	rootObject = C3C09EDD2BEE093C007D178F /* Project object */;
}
